
Microsoft Visual Studio Solution File, Format Version 12.00
# Visual Studio 14
VisualStudioVersion = 14.0.25420.1
MinimumVisualStudioVersion = 10.0.40219.1
Project("{FAE04EC0-301F-11D3-BF4B-00C04F79EFBC}") = "01.SequencePositiveIntegerNumbers", "01.SequencePositiveIntegerNumbers\01.SequencePositiveIntegerNumbers.csproj", "{9BC3CCEC-2AD9-45B0-AE28-D0E8DE6179E5}"
EndProject
Project("{FAE04EC0-301F-11D3-BF4B-00C04F79EFBC}") = "02.ReversesStack", "02.ReversesStack\02.ReversesStack.csproj", "{4D3A62D9-FC8A-4D43-962F-775DCF4BD2C4}"
EndProject
Project("{FAE04EC0-301F-11D3-BF4B-00C04F79EFBC}") = "03.IncreasingSort", "03.IncreasingSort\03.IncreasingSort.csproj", "{16A5A8AF-112C-48E4-B135-7126543C9B77}"
EndProject
Global
	GlobalSection(SolutionConfigurationPlatforms) = preSolution
		Debug|Any CPU = Debug|Any CPU
		Release|Any CPU = Release|Any CPU
	EndGlobalSection
	GlobalSection(ProjectConfigurationPlatforms) = postSolution
		{9BC3CCEC-2AD9-45B0-AE28-D0E8DE6179E5}.Debug|Any CPU.ActiveCfg = Debug|Any CPU
		{9BC3CCEC-2AD9-45B0-AE28-D0E8DE6179E5}.Debug|Any CPU.Build.0 = Debug|Any CPU
		{9BC3CCEC-2AD9-45B0-AE28-D0E8DE6179E5}.Release|Any CPU.ActiveCfg = Release|Any CPU
		{9BC3CCEC-2AD9-45B0-AE28-D0E8DE6179E5}.Release|Any CPU.Build.0 = Release|Any CPU
		{4D3A62D9-FC8A-4D43-962F-775DCF4BD2C4}.Debug|Any CPU.ActiveCfg = Debug|Any CPU
		{4D3A62D9-FC8A-4D43-962F-775DCF4BD2C4}.Debug|Any CPU.Build.0 = Debug|Any CPU
		{4D3A62D9-FC8A-4D43-962F-775DCF4BD2C4}.Release|Any CPU.ActiveCfg = Release|Any CPU
		{4D3A62D9-FC8A-4D43-962F-775DCF4BD2C4}.Release|Any CPU.Build.0 = Release|Any CPU
		{16A5A8AF-112C-48E4-B135-7126543C9B77}.Debug|Any CPU.ActiveCfg = Debug|Any CPU
		{16A5A8AF-112C-48E4-B135-7126543C9B77}.Debug|Any CPU.Build.0 = Debug|Any CPU
		{16A5A8AF-112C-48E4-B135-7126543C9B77}.Release|Any CPU.ActiveCfg = Release|Any CPU
		{16A5A8AF-112C-48E4-B135-7126543C9B77}.Release|Any CPU.Build.0 = Release|Any CPU
	EndGlobalSection
	GlobalSection(SolutionProperties) = preSolution
		HideSolutionNode = FALSE
	EndGlobalSection
EndGlobal
