
Microsoft Visual Studio Solution File, Format Version 12.00
# Visual Studio 14
VisualStudioVersion = 14.0.25420.1
MinimumVisualStudioVersion = 10.0.40219.1
Project("{FAE04EC0-301F-11D3-BF4B-00C04F79EFBC}") = "Task01.01.BunnyFormat", "Task01.01.BunnyFormat\Task01.01.BunnyFormat.csproj", "{B4E1E38B-F69F-4CEA-AF74-725FC3CD5EC5}"
EndProject
Project("{FAE04EC0-301F-11D3-BF4B-00C04F79EFBC}") = "Task01.02.Event", "Task01.02.Event\Task01.02.Event.csproj", "{882DE58C-A1D0-4A13-B545-DEB9286009D2}"
EndProject
Project("{FAE04EC0-301F-11D3-BF4B-00C04F79EFBC}") = "Task02.CodeJs", "Task02.CodeJs\Task02.CodeJs.csproj", "{64F3D9AA-4C40-4409-861C-2D87C154958E}"
EndProject
Global
	GlobalSection(SolutionConfigurationPlatforms) = preSolution
		Debug|Any CPU = Debug|Any CPU
		Release|Any CPU = Release|Any CPU
	EndGlobalSection
	GlobalSection(ProjectConfigurationPlatforms) = postSolution
		{B4E1E38B-F69F-4CEA-AF74-725FC3CD5EC5}.Debug|Any CPU.ActiveCfg = Debug|Any CPU
		{B4E1E38B-F69F-4CEA-AF74-725FC3CD5EC5}.Debug|Any CPU.Build.0 = Debug|Any CPU
		{B4E1E38B-F69F-4CEA-AF74-725FC3CD5EC5}.Release|Any CPU.ActiveCfg = Release|Any CPU
		{B4E1E38B-F69F-4CEA-AF74-725FC3CD5EC5}.Release|Any CPU.Build.0 = Release|Any CPU
		{882DE58C-A1D0-4A13-B545-DEB9286009D2}.Debug|Any CPU.ActiveCfg = Debug|Any CPU
		{882DE58C-A1D0-4A13-B545-DEB9286009D2}.Debug|Any CPU.Build.0 = Debug|Any CPU
		{882DE58C-A1D0-4A13-B545-DEB9286009D2}.Release|Any CPU.ActiveCfg = Release|Any CPU
		{882DE58C-A1D0-4A13-B545-DEB9286009D2}.Release|Any CPU.Build.0 = Release|Any CPU
		{64F3D9AA-4C40-4409-861C-2D87C154958E}.Debug|Any CPU.ActiveCfg = Debug|Any CPU
		{64F3D9AA-4C40-4409-861C-2D87C154958E}.Debug|Any CPU.Build.0 = Debug|Any CPU
		{64F3D9AA-4C40-4409-861C-2D87C154958E}.Release|Any CPU.ActiveCfg = Release|Any CPU
		{64F3D9AA-4C40-4409-861C-2D87C154958E}.Release|Any CPU.Build.0 = Release|Any CPU
	EndGlobalSection
	GlobalSection(SolutionProperties) = preSolution
		HideSolutionNode = FALSE
	EndGlobalSection
EndGlobal
